
Microsoft Visual Studio Solution File, Format Version 12.00
# Visual Studio Version 17
VisualStudioVersion = 17.10.35027.167
MinimumVisualStudioVersion = 10.0.40219.1
Project("{9A19103F-16F7-4668-BE54-9A1E7A4F7556}") = "RocketTip", "RocketTip\RocketTip.csproj", "{CDB1E18F-8E3A-4B7C-8322-8D02761CA38B}"
EndProject
Project("{9A19103F-16F7-4668-BE54-9A1E7A4F7556}") = "RocketTipPWA", "RocketTipPWA\RocketTipPWA.csproj", "{3AD863BD-AE4D-4472-98BD-666F55B2BAEA}"
EndProject
Project("{FAE04EC0-301F-11D3-BF4B-00C04F79EFBC}") = "RocketTip.Business", "RocketTip.Business\RocketTip.Business.csproj", "{8944CFED-0A8C-40C0-90FF-52BF97BE2FC3}"
EndProject
Global
	GlobalSection(SolutionConfigurationPlatforms) = preSolution
		Debug|Any CPU = Debug|Any CPU
		Release|Any CPU = Release|Any CPU
	EndGlobalSection
	GlobalSection(ProjectConfigurationPlatforms) = postSolution
		{CDB1E18F-8E3A-4B7C-8322-8D02761CA38B}.Debug|Any CPU.ActiveCfg = Debug|Any CPU
		{CDB1E18F-8E3A-4B7C-8322-8D02761CA38B}.Debug|Any CPU.Build.0 = Debug|Any CPU
		{CDB1E18F-8E3A-4B7C-8322-8D02761CA38B}.Debug|Any CPU.Deploy.0 = Debug|Any CPU
		{CDB1E18F-8E3A-4B7C-8322-8D02761CA38B}.Release|Any CPU.ActiveCfg = Release|Any CPU
		{CDB1E18F-8E3A-4B7C-8322-8D02761CA38B}.Release|Any CPU.Build.0 = Release|Any CPU
		{CDB1E18F-8E3A-4B7C-8322-8D02761CA38B}.Release|Any CPU.Deploy.0 = Release|Any CPU
		{3AD863BD-AE4D-4472-98BD-666F55B2BAEA}.Debug|Any CPU.ActiveCfg = Debug|Any CPU
		{3AD863BD-AE4D-4472-98BD-666F55B2BAEA}.Debug|Any CPU.Build.0 = Debug|Any CPU
		{3AD863BD-AE4D-4472-98BD-666F55B2BAEA}.Release|Any CPU.ActiveCfg = Release|Any CPU
		{3AD863BD-AE4D-4472-98BD-666F55B2BAEA}.Release|Any CPU.Build.0 = Release|Any CPU
		{8944CFED-0A8C-40C0-90FF-52BF97BE2FC3}.Debug|Any CPU.ActiveCfg = Debug|Any CPU
		{8944CFED-0A8C-40C0-90FF-52BF97BE2FC3}.Debug|Any CPU.Build.0 = Debug|Any CPU
		{8944CFED-0A8C-40C0-90FF-52BF97BE2FC3}.Release|Any CPU.ActiveCfg = Release|Any CPU
		{8944CFED-0A8C-40C0-90FF-52BF97BE2FC3}.Release|Any CPU.Build.0 = Release|Any CPU
	EndGlobalSection
	GlobalSection(SolutionProperties) = preSolution
		HideSolutionNode = FALSE
	EndGlobalSection
	GlobalSection(ExtensibilityGlobals) = postSolution
		SolutionGuid = {845FCA74-36BC-4715-AE49-0D1FECA51CA8}
	EndGlobalSection
EndGlobal
